{
  "name": "bt-stream",
  "version": "0.0.0",
  "lockfileVersion": 1,
  "requires": true,
  "dependencies": {
    "bencode": {
      "version": "2.0.0",
      "resolved": "https://registry.npmjs.org/bencode/-/bencode-2.0.0.tgz",
      "integrity": "sha512-wr2HwwrUpfB5c68zmAudOltC7rZ1G0+lQOcnuEcfIM3AWAVnB3rHI3nlgd/2CWTfQ3w3zagKt89zni/M+VLZ8g==",
      "requires": {
        "safe-buffer": "5.1.1"
      }
    },
    "bitfield": {
      "version": "2.0.0",
      "resolved": "https://registry.npmjs.org/bitfield/-/bitfield-2.0.0.tgz",
      "integrity": "sha512-4xM4DYejOHQ/qWBfeqBXNA4mJ12PwcOibFYnH1kYh5U9BHciCqEJBqGNVnMJXUhm8mflujNRLSv7IiVQxovgjw=="
    },
    "bittorrent-dht": {
      "version": "8.1.0",
      "resolved": "https://registry.npmjs.org/bittorrent-dht/-/bittorrent-dht-8.1.0.tgz",
      "integrity": "sha512-Lm8iBOIjeVRz+28aKYANGeJzQLNDr49bWobde86vCcx2/DVKIao3lOWEnlzu0j39D8PHfGmO7L/ixMiCv1/CJQ==",
      "requires": {
        "bencode": "2.0.0",
        "buffer-equals": "1.0.4",
        "debug": "3.1.0",
        "inherits": "2.0.3",
        "k-bucket": "3.3.1",
        "k-rpc": "4.2.1",
        "last-one-wins": "1.0.4",
        "lru": "3.1.0",
        "randombytes": "2.0.6",
        "record-cache": "1.0.1",
        "safe-buffer": "5.1.1",
        "simple-sha1": "2.1.0"
      }
    },
    "blob-to-buffer": {
      "version": "1.2.7",
      "resolved": "https://registry.npmjs.org/blob-to-buffer/-/blob-to-buffer-1.2.7.tgz",
      "integrity": "sha512-IxU6RVzH4cekdAiLbsUIC3fd11fA1c+FoD/+7PTTGejYe3Q8Y++TcR8tXt+1CYG4veMzGI2uMeIismNgqIMq9w=="
    },
    "bncode": {
      "version": "0.5.3",
      "resolved": "https://registry.npmjs.org/bncode/-/bncode-0.5.3.tgz",
      "integrity": "sha1-4WZhaXRS1Da/mIYjjMeRsI1mpho="
    },
    "buffer-equals": {
      "version": "1.0.4",
      "resolved": "https://registry.npmjs.org/buffer-equals/-/buffer-equals-1.0.4.tgz",
      "integrity": "sha1-A1O1T9B/2VZBcGca5vZrnPENJ/U="
    },
    "core-util-is": {
      "version": "1.0.2",
      "resolved": "https://registry.npmjs.org/core-util-is/-/core-util-is-1.0.2.tgz",
      "integrity": "sha1-tf1UIgqivFq1eqtxQMlAdUUDwac="
    },
    "cyclist": {
      "version": "0.1.1",
      "resolved": "https://registry.npmjs.org/cyclist/-/cyclist-0.1.1.tgz",
      "integrity": "sha1-G8+lawgUSM214Sv8G/rTS0f7qPM="
    },
    "debug": {
      "version": "3.1.0",
      "resolved": "https://registry.npmjs.org/debug/-/debug-3.1.0.tgz",
      "integrity": "sha512-OX8XqP7/1a9cqkxYw2yXss15f26NKWBpDXQd0/uK/KPqdQhxbPa994hnzjcE2VqQpDslf55723cKPUOGSmMY3g==",
      "requires": {
        "ms": "2.0.0"
      }
    },
    "decompress-response": {
      "version": "3.3.0",
      "resolved": "https://registry.npmjs.org/decompress-response/-/decompress-response-3.3.0.tgz",
      "integrity": "sha1-gKTdMjdIOEv6JICDYirt7Jgq3/M=",
      "requires": {
        "mimic-response": "1.0.0"
      }
    },
    "fifo": {
      "version": "0.1.4",
      "resolved": "https://registry.npmjs.org/fifo/-/fifo-0.1.4.tgz",
      "integrity": "sha1-v0LYfArQewDQlJ0SOI9iiWBuzjQ="
    },
    "get-stdin": {
      "version": "5.0.1",
      "resolved": "https://registry.npmjs.org/get-stdin/-/get-stdin-5.0.1.tgz",
      "integrity": "sha1-Ei4WFZHiH/TFJTAwVpPyDmOTo5g="
    },
    "hat": {
      "version": "0.0.3",
      "resolved": "https://registry.npmjs.org/hat/-/hat-0.0.3.tgz",
      "integrity": "sha1-uwFKnmSzeIrtgAWRdBPU/z1QLYo="
    },
    "inherits": {
      "version": "2.0.3",
      "resolved": "https://registry.npmjs.org/inherits/-/inherits-2.0.3.tgz",
      "integrity": "sha1-Yzwsg+PaQqUC9SRmAiSA9CCCYd4="
    },
    "isarray": {
      "version": "0.0.1",
      "resolved": "https://registry.npmjs.org/isarray/-/isarray-0.0.1.tgz",
      "integrity": "sha1-ihis/Kmo9Bd+Cav8YDiTmwXR7t8="
    },
    "k-bucket": {
      "version": "3.3.1",
      "resolved": "https://registry.npmjs.org/k-bucket/-/k-bucket-3.3.1.tgz",
      "integrity": "sha512-kgwWqYT79rAahn4maIVTP8dIe+m1KulufWW+f1bB9DlZrRFiGpZ4iJOg2HUp4xJYBWONP3+rOPIWF/RXABU6mw==",
      "requires": {
        "buffer-equals": "1.0.4",
        "inherits": "2.0.3",
        "randombytes": "2.0.6"
      }
    },
    "k-rpc": {
      "version": "4.2.1",
      "resolved": "https://registry.npmjs.org/k-rpc/-/k-rpc-4.2.1.tgz",
      "integrity": "sha512-Ft3Yrsobne+zqz1uEyk2Vl0n5KpKROSGI6Ar270ZBmeh7MtTgtucOVeddX5fv2uITMw7cGT6hp8EpeXp4HW5rA==",
      "requires": {
        "buffer-equals": "1.0.4",
        "k-bucket": "3.3.1",
        "k-rpc-socket": "1.8.0",
        "randombytes": "2.0.6",
        "safe-buffer": "5.1.1"
      }
    },
    "k-rpc-socket": {
      "version": "1.8.0",
      "resolved": "https://registry.npmjs.org/k-rpc-socket/-/k-rpc-socket-1.8.0.tgz",
      "integrity": "sha512-f/9TynsO8YYjZ6JjNNtSSH7CJcIHcio1buy3zqByGxb/GX8AWLdL6FZEWTrN8V3/J7W4/E0ZTQQ+Jt2rVq7ELg==",
      "requires": {
        "bencode": "2.0.0",
        "buffer-equals": "1.0.4",
        "safe-buffer": "5.1.1"
      }
    },
    "last-one-wins": {
      "version": "1.0.4",
      "resolved": "https://registry.npmjs.org/last-one-wins/-/last-one-wins-1.0.4.tgz",
      "integrity": "sha1-wb/Qy8tGeQ7JFWuNGu6Py4bNoio="
    },
    "lru": {
      "version": "3.1.0",
      "resolved": "https://registry.npmjs.org/lru/-/lru-3.1.0.tgz",
      "integrity": "sha1-6n+4VG2DczOWoTCR12z+tMBoN9U=",
      "requires": {
        "inherits": "2.0.3"
      }
    },
    "magnet-uri": {
      "version": "5.1.7",
      "resolved": "https://registry.npmjs.org/magnet-uri/-/magnet-uri-5.1.7.tgz",
      "integrity": "sha1-j4AWq3TEFfJ09PsZQ/qvfpIDDv8=",
      "requires": {
        "safe-buffer": "5.1.1",
        "thirty-two": "1.0.2",
        "uniq": "1.0.1",
        "xtend": "4.0.1"
      }
    },
    "mimic-response": {
      "version": "1.0.0",
      "resolved": "https://registry.npmjs.org/mimic-response/-/mimic-response-1.0.0.tgz",
      "integrity": "sha1-3z02Uqc/3ta5sLJBRub9BSNTRY4="
    },
    "ms": {
      "version": "2.0.0",
      "resolved": "https://registry.npmjs.org/ms/-/ms-2.0.0.tgz",
      "integrity": "sha1-VgiurfwAvmwpAd9fmGF4jeDVl8g="
    },
    "once": {
      "version": "1.4.0",
      "resolved": "https://registry.npmjs.org/once/-/once-1.4.0.tgz",
      "integrity": "sha1-WDsap3WWHUsROsF9nFC6753Xa9E=",
      "requires": {
        "wrappy": "1.0.2"
      }
    },
    "parse-torrent": {
      "version": "5.8.3",
      "resolved": "https://registry.npmjs.org/parse-torrent/-/parse-torrent-5.8.3.tgz",
      "integrity": "sha1-+V7yMwEjlgneQGeUrZ+VihvKG2w=",
      "requires": {
        "blob-to-buffer": "1.2.7",
        "get-stdin": "5.0.1",
        "magnet-uri": "5.1.7",
        "parse-torrent-file": "4.1.0",
        "simple-get": "2.7.0"
      }
    },
    "parse-torrent-file": {
      "version": "4.1.0",
      "resolved": "https://registry.npmjs.org/parse-torrent-file/-/parse-torrent-file-4.1.0.tgz",
      "integrity": "sha512-Bd6yLjRgkl0dfMi7/x9hJDL1eaAnmhFD3JoCLTuIjR+CM9gr55YMHNo+hTbObYjoj2SPWIUAelZMQ5IbpmzbmQ==",
      "requires": {
        "bencode": "2.0.0",
        "simple-sha1": "2.1.0",
        "uniq": "1.0.1"
      }
    },
    "peer-wire-protocol": {
      "version": "0.7.0",
      "resolved": "https://registry.npmjs.org/peer-wire-protocol/-/peer-wire-protocol-0.7.0.tgz",
      "integrity": "sha1-bAFavyS0h37Z7KOCKyLZlgeAEdo=",
      "requires": {
        "bitfield": "0.1.0",
        "bncode": "0.2.3",
        "readable-stream": "1.1.14",
        "speedometer": "0.1.4"
      },
      "dependencies": {
        "bitfield": {
          "version": "0.1.0",
          "resolved": "https://registry.npmjs.org/bitfield/-/bitfield-0.1.0.tgz",
          "integrity": "sha1-sF2LXw0J8t81qds7OmLTgIxGxFc="
        },
        "bncode": {
          "version": "0.2.3",
          "resolved": "https://registry.npmjs.org/bncode/-/bncode-0.2.3.tgz",
          "integrity": "sha1-N/hR3I5HGIqD+8D2+kd1ysyaMpY="
        }
      }
    },
    "peer-wire-swarm": {
      "version": "0.12.1",
      "resolved": "https://registry.npmjs.org/peer-wire-swarm/-/peer-wire-swarm-0.12.1.tgz",
      "integrity": "sha1-UbddqZwzXGTJup75n+J6SllR/0I=",
      "requires": {
        "fifo": "0.1.4",
        "once": "1.4.0",
        "peer-wire-protocol": "0.7.0",
        "speedometer": "0.1.4",
        "utp": "0.0.7"
      }
    },
    "randombytes": {
      "version": "2.0.6",
      "resolved": "https://registry.npmjs.org/randombytes/-/randombytes-2.0.6.tgz",
      "integrity": "sha512-CIQ5OFxf4Jou6uOKe9t1AOgqpeU5fd70A8NPdHSGeYXqXsPe6peOwI0cUl88RWZ6sP1vPMV3avd/R6cZ5/sP1A==",
      "requires": {
        "safe-buffer": "5.1.1"
      }
    },
    "readable-stream": {
      "version": "1.1.14",
      "resolved": "https://registry.npmjs.org/readable-stream/-/readable-stream-1.1.14.tgz",
      "integrity": "sha1-fPTFTvZI44EwhMY23SB54WbAgdk=",
      "requires": {
        "core-util-is": "1.0.2",
        "inherits": "2.0.3",
        "isarray": "0.0.1",
        "string_decoder": "0.10.31"
      }
    },
    "record-cache": {
      "version": "1.0.1",
      "resolved": "https://registry.npmjs.org/record-cache/-/record-cache-1.0.1.tgz",
      "integrity": "sha512-PqZBqRbn00rDt2nAvb/7oC5dbhY0VuOUjLhFKqZ6C7aaJmSc1BgqewKXxFScXnFe4cCZAmTvD4xRLimtvOIi1A=="
    },
    "rusha": {
      "version": "0.8.13",
      "resolved": "https://registry.npmjs.org/rusha/-/rusha-0.8.13.tgz",
      "integrity": "sha1-mghOe4YLF7/zAVuSxnpqM2GRUTo="
    },
    "safe-buffer": {
      "version": "5.1.1",
      "resolved": "https://registry.npmjs.org/safe-buffer/-/safe-buffer-5.1.1.tgz",
      "integrity": "sha512-kKvNJn6Mm93gAczWVJg7wH+wGYWNrDHdWvpUmHyEsgCtIwwo3bqPtV4tR5tuPaUhTOo/kvhVwd8XwwOllGYkbg=="
    },
    "simple-concat": {
      "version": "1.0.0",
      "resolved": "https://registry.npmjs.org/simple-concat/-/simple-concat-1.0.0.tgz",
      "integrity": "sha1-c0TLuLbib7J9ZrL8hvn21Zl1IcY="
    },
    "simple-get": {
      "version": "2.7.0",
      "resolved": "https://registry.npmjs.org/simple-get/-/simple-get-2.7.0.tgz",
      "integrity": "sha512-RkE9rGPHcxYZ/baYmgJtOSM63vH0Vyq+ma5TijBcLla41SWlh8t6XYIGMR/oeZcmr+/G8k+zrClkkVrtnQ0esg==",
      "requires": {
        "decompress-response": "3.3.0",
        "once": "1.4.0",
        "simple-concat": "1.0.0"
      }
    },
    "simple-sha1": {
      "version": "2.1.0",
      "resolved": "https://registry.npmjs.org/simple-sha1/-/simple-sha1-2.1.0.tgz",
      "integrity": "sha1-lCe7lv8SY8wQqEFM7dUaGLkZ6LM=",
      "requires": {
        "rusha": "0.8.13"
      }
    },
    "speedometer": {
      "version": "0.1.4",
      "resolved": "https://registry.npmjs.org/speedometer/-/speedometer-0.1.4.tgz",
      "integrity": "sha1-mHbb0qFp0xFUAtSObqYynIgWpQ0="
    },
    "string_decoder": {
      "version": "0.10.31",
      "resolved": "https://registry.npmjs.org/string_decoder/-/string_decoder-0.10.31.tgz",
      "integrity": "sha1-YuIDvEF2bGwoyfyEMB2rHFMQ+pQ="
    },
    "thirty-two": {
      "version": "1.0.2",
      "resolved": "https://registry.npmjs.org/thirty-two/-/thirty-two-1.0.2.tgz",
      "integrity": "sha1-TKL//AKlEpDSdEueP1V2k8prYno="
    },
    "uniq": {
      "version": "1.0.1",
      "resolved": "https://registry.npmjs.org/uniq/-/uniq-1.0.1.tgz",
      "integrity": "sha1-sxxa6CVIRKOoKBVBzisEuGWnNP8="
    },
    "utp": {
      "version": "0.0.7",
      "resolved": "https://registry.npmjs.org/utp/-/utp-0.0.7.tgz",
      "integrity": "sha1-rkPrd0X1/mPcwvJ3y0FkrScIfzA=",
      "requires": {
        "cyclist": "0.1.1"
      }
    },
    "wrappy": {
      "version": "1.0.2",
      "resolved": "https://registry.npmjs.org/wrappy/-/wrappy-1.0.2.tgz",
      "integrity": "sha1-tSQ9jz7BqjXxNkYFvA0QNuMKtp8="
    },
    "xtend": {
      "version": "4.0.1",
      "resolved": "https://registry.npmjs.org/xtend/-/xtend-4.0.1.tgz",
      "integrity": "sha1-pcbVMr5lbiPbgg77lDofBJmNY68="
    }
  }
}
